
Microsoft Visual Studio Solution File, Format Version 12.00
# Visual Studio Version 17
VisualStudioVersion = 17.5.33627.172
MinimumVisualStudioVersion = 10.0.40219.1
Project("{9A19103F-16F7-4668-BE54-9A1E7A4F7556}") = "StereoFly.UI", "StereoFly.UI\StereoFly.UI.csproj", "{C9BC1DFE-69CA-487F-8DD7-9953F38AC8D3}"
EndProject
Project("{9A19103F-16F7-4668-BE54-9A1E7A4F7556}") = "StereoFly.TelloLib", "StereoFly.Lib\StereoFly.TelloLib.csproj", "{989C10D6-85A0-4795-9FC0-A8E3CBB65A9C}"
EndProject
Project("{9A19103F-16F7-4668-BE54-9A1E7A4F7556}") = "StereoFly.Testwiese", "StereoFly.Testwiese\StereoFly.Testwiese.csproj", "{F5991BA8-A842-4C12-923A-7513E6818F0F}"
EndProject
Global
	GlobalSection(SolutionConfigurationPlatforms) = preSolution
		Debug|Any CPU = Debug|Any CPU
		Release|Any CPU = Release|Any CPU
	EndGlobalSection
	GlobalSection(ProjectConfigurationPlatforms) = postSolution
		{C9BC1DFE-69CA-487F-8DD7-9953F38AC8D3}.Debug|Any CPU.ActiveCfg = Debug|Any CPU
		{C9BC1DFE-69CA-487F-8DD7-9953F38AC8D3}.Debug|Any CPU.Build.0 = Debug|Any CPU
		{C9BC1DFE-69CA-487F-8DD7-9953F38AC8D3}.Release|Any CPU.ActiveCfg = Release|Any CPU
		{C9BC1DFE-69CA-487F-8DD7-9953F38AC8D3}.Release|Any CPU.Build.0 = Release|Any CPU
		{989C10D6-85A0-4795-9FC0-A8E3CBB65A9C}.Debug|Any CPU.ActiveCfg = Debug|Any CPU
		{989C10D6-85A0-4795-9FC0-A8E3CBB65A9C}.Debug|Any CPU.Build.0 = Debug|Any CPU
		{989C10D6-85A0-4795-9FC0-A8E3CBB65A9C}.Release|Any CPU.ActiveCfg = Release|Any CPU
		{989C10D6-85A0-4795-9FC0-A8E3CBB65A9C}.Release|Any CPU.Build.0 = Release|Any CPU
		{F5991BA8-A842-4C12-923A-7513E6818F0F}.Debug|Any CPU.ActiveCfg = Debug|Any CPU
		{F5991BA8-A842-4C12-923A-7513E6818F0F}.Debug|Any CPU.Build.0 = Debug|Any CPU
		{F5991BA8-A842-4C12-923A-7513E6818F0F}.Release|Any CPU.ActiveCfg = Release|Any CPU
		{F5991BA8-A842-4C12-923A-7513E6818F0F}.Release|Any CPU.Build.0 = Release|Any CPU
	EndGlobalSection
	GlobalSection(SolutionProperties) = preSolution
		HideSolutionNode = FALSE
	EndGlobalSection
	GlobalSection(ExtensibilityGlobals) = postSolution
		SolutionGuid = {E56B1574-13DD-48B2-B157-18BCB3B66E99}
	EndGlobalSection
EndGlobal
